
Microsoft Visual Studio Solution File, Format Version 12.00
# Visual Studio Version 17
VisualStudioVersion = 17.5.002.0
MinimumVisualStudioVersion = 10.0.40219.1
Project("{9A19103F-16F7-4668-BE54-9A1E7A4F7556}") = "TemplateWebApi", "TemplateWebApi.csproj", "{445E6C56-6087-48EE-BD88-E315D2529491}"
EndProject
Global
	GlobalSection(SolutionConfigurationPlatforms) = preSolution
		Debug|Any CPU = Debug|Any CPU
		Release|Any CPU = Release|Any CPU
	EndGlobalSection
	GlobalSection(ProjectConfigurationPlatforms) = postSolution
		{445E6C56-6087-48EE-BD88-E315D2529491}.Debug|Any CPU.ActiveCfg = Debug|Any CPU
		{445E6C56-6087-48EE-BD88-E315D2529491}.Debug|Any CPU.Build.0 = Debug|Any CPU
		{445E6C56-6087-48EE-BD88-E315D2529491}.Release|Any CPU.ActiveCfg = Release|Any CPU
		{445E6C56-6087-48EE-BD88-E315D2529491}.Release|Any CPU.Build.0 = Release|Any CPU
	EndGlobalSection
	GlobalSection(SolutionProperties) = preSolution
		HideSolutionNode = FALSE
	EndGlobalSection
	GlobalSection(ExtensibilityGlobals) = postSolution
		SolutionGuid = {88792F8A-813F-4795-970B-3AA3A8922386}
	EndGlobalSection
EndGlobal
